// !$*UTF8*$!
{
	archiveVersion = 1;
	classes = {
	};
	objectVersion = 50;
	objects = {

/* Begin PBXBuildFile section */
		D68C1A3E25493ABB00BC460B /* AppDelegate.swift in Sources */ = {isa = PBXBuildFile; fileRef = D68C1A3D25493ABB00BC460B /* AppDelegate.swift */; };
		D68C1A4025493ABB00BC460B /* SceneDelegate.swift in Sources */ = {isa = PBXBuildFile; fileRef = D68C1A3F25493ABB00BC460B /* SceneDelegate.swift */; };
		D68C1A4225493ABB00BC460B /* ConversationsViewController.swift in Sources */ = {isa = PBXBuildFile; fileRef = D68C1A4125493ABB00BC460B /* ConversationsViewController.swift */; };
		D68C1A4525493ABB00BC460B /* Main.storyboard in Resources */ = {isa = PBXBuildFile; fileRef = D68C1A4325493ABB00BC460B /* Main.storyboard */; };
		D68C1A4725493ABC00BC460B /* Assets.xcassets in Resources */ = {isa = PBXBuildFile; fileRef = D68C1A4625493ABC00BC460B /* Assets.xcassets */; };
		D68C1A4A25493ABC00BC460B /* LaunchScreen.storyboard in Resources */ = {isa = PBXBuildFile; fileRef = D68C1A4825493ABC00BC460B /* LaunchScreen.storyboard */; };
		D68C1A5C25494D3500BC460B /* LoginViewController.swift in Sources */ = {isa = PBXBuildFile; fileRef = D68C1A5B25494D3500BC460B /* LoginViewController.swift */; };
		D68C1A6025494D5D00BC460B /* RegisterViewController.swift in Sources */ = {isa = PBXBuildFile; fileRef = D68C1A5F25494D5D00BC460B /* RegisterViewController.swift */; };
		D68C1A6325494D9300BC460B /* PhotoViewerViewController.swift in Sources */ = {isa = PBXBuildFile; fileRef = D68C1A6225494D9300BC460B /* PhotoViewerViewController.swift */; };
		D68C1A6625494DAF00BC460B /* VideoPlayerViewController.swift in Sources */ = {isa = PBXBuildFile; fileRef = D68C1A6525494DAF00BC460B /* VideoPlayerViewController.swift */; };
		D68C1A6925494DEB00BC460B /* NewConversationViewController.swift in Sources */ = {isa = PBXBuildFile; fileRef = D68C1A6825494DEB00BC460B /* NewConversationViewController.swift */; };
		D68C1A6C25494E1500BC460B /* ProfileViewController.swift in Sources */ = {isa = PBXBuildFile; fileRef = D68C1A6B25494E1500BC460B /* ProfileViewController.swift */; };
/* End PBXBuildFile section */

/* Begin PBXFileReference section */
		D68C1A3A25493ABB00BC460B /* Messenger.app */ = {isa = PBXFileReference; explicitFileType = wrapper.application; includeInIndex = 0; path = Messenger.app; sourceTree = BUILT_PRODUCTS_DIR; };
		D68C1A3D25493ABB00BC460B /* AppDelegate.swift */ = {isa = PBXFileReference; lastKnownFileType = sourcecode.swift; path = AppDelegate.swift; sourceTree = "<group>"; };
		D68C1A3F25493ABB00BC460B /* SceneDelegate.swift */ = {isa = PBXFileReference; lastKnownFileType = sourcecode.swift; path = SceneDelegate.swift; sourceTree = "<group>"; };
		D68C1A4125493ABB00BC460B /* ConversationsViewController.swift */ = {isa = PBXFileReference; lastKnownFileType = sourcecode.swift; path = ConversationsViewController.swift; sourceTree = "<group>"; };
		D68C1A4425493ABB00BC460B /* Base */ = {isa = PBXFileReference; lastKnownFileType = file.storyboard; name = Base; path = Base.lproj/Main.storyboard; sourceTree = "<group>"; };
		D68C1A4625493ABC00BC460B /* Assets.xcassets */ = {isa = PBXFileReference; lastKnownFileType = folder.assetcatalog; path = Assets.xcassets; sourceTree = "<group>"; };
		D68C1A4925493ABC00BC460B /* Base */ = {isa = PBXFileReference; lastKnownFileType = file.storyboard; name = Base; path = Base.lproj/LaunchScreen.storyboard; sourceTree = "<group>"; };
		D68C1A4B25493ABC00BC460B /* Info.plist */ = {isa = PBXFileReference; lastKnownFileType = text.plist.xml; path = Info.plist; sourceTree = "<group>"; };
		D68C1A5B25494D3500BC460B /* LoginViewController.swift */ = {isa = PBXFileReference; lastKnownFileType = sourcecode.swift; path = LoginViewController.swift; sourceTree = "<group>"; };
		D68C1A5F25494D5D00BC460B /* RegisterViewController.swift */ = {isa = PBXFileReference; lastKnownFileType = sourcecode.swift; path = RegisterViewController.swift; sourceTree = "<group>"; };
		D68C1A6225494D9300BC460B /* PhotoViewerViewController.swift */ = {isa = PBXFileReference; lastKnownFileType = sourcecode.swift; path = PhotoViewerViewController.swift; sourceTree = "<group>"; };
		D68C1A6525494DAF00BC460B /* VideoPlayerViewController.swift */ = {isa = PBXFileReference; lastKnownFileType = sourcecode.swift; path = VideoPlayerViewController.swift; sourceTree = "<group>"; };
		D68C1A6825494DEB00BC460B /* NewConversationViewController.swift */ = {isa = PBXFileReference; lastKnownFileType = sourcecode.swift; path = NewConversationViewController.swift; sourceTree = "<group>"; };
		D68C1A6B25494E1500BC460B /* ProfileViewController.swift */ = {isa = PBXFileReference; lastKnownFileType = sourcecode.swift; path = ProfileViewController.swift; sourceTree = "<group>"; };
/* End PBXFileReference section */

/* Begin PBXFrameworksBuildPhase section */
		D68C1A3725493ABB00BC460B /* Frameworks */ = {
			isa = PBXFrameworksBuildPhase;
			buildActionMask = 2147483647;
			files = (
			);
			runOnlyForDeploymentPostprocessing = 0;
		};
/* End PBXFrameworksBuildPhase section */

/* Begin PBXGroup section */
		D68C1A3125493ABB00BC460B = {
			isa = PBXGroup;
			children = (
				D68C1A3C25493ABB00BC460B /* Messenger */,
				D68C1A3B25493ABB00BC460B /* Products */,
			);
			sourceTree = "<group>";
		};
		D68C1A3B25493ABB00BC460B /* Products */ = {
			isa = PBXGroup;
			children = (
				D68C1A3A25493ABB00BC460B /* Messenger.app */,
			);
			name = Products;
			sourceTree = "<group>";
		};
		D68C1A3C25493ABB00BC460B /* Messenger */ = {
			isa = PBXGroup;
			children = (
				D68C1A5725494BB100BC460B /* Resources */,
				D68C1A5625494BAC00BC460B /* ViewModels */,
				D68C1A5525494BAA00BC460B /* Models */,
				D68C1A5425494BA600BC460B /* Views */,
				D68C1A5225494B9900BC460B /* Controllers */,
				D68C1A4B25493ABC00BC460B /* Info.plist */,
			);
			path = Messenger;
			sourceTree = "<group>";
		};
		D68C1A5225494B9900BC460B /* Controllers */ = {
			isa = PBXGroup;
			children = (
				D68C1A4125493ABB00BC460B /* ConversationsViewController.swift */,
				D68C1A5B25494D3500BC460B /* LoginViewController.swift */,
				D68C1A5F25494D5D00BC460B /* RegisterViewController.swift */,
				D68C1A6225494D9300BC460B /* PhotoViewerViewController.swift */,
				D68C1A6525494DAF00BC460B /* VideoPlayerViewController.swift */,
				D68C1A6825494DEB00BC460B /* NewConversationViewController.swift */,
				D68C1A6B25494E1500BC460B /* ProfileViewController.swift */,
			);
			path = Controllers;
			sourceTree = "<group>";
		};
		D68C1A5425494BA600BC460B /* Views */ = {
			isa = PBXGroup;
			children = (
				D68C1A5825494C0A00BC460B /* Storyboards */,
				D68C1A4625493ABC00BC460B /* Assets.xcassets */,
			);
			path = Views;
			sourceTree = "<group>";
		};
		D68C1A5525494BAA00BC460B /* Models */ = {
			isa = PBXGroup;
			children = (
			);
			path = Models;
			sourceTree = "<group>";
		};
		D68C1A5625494BAC00BC460B /* ViewModels */ = {
			isa = PBXGroup;
			children = (
			);
			path = ViewModels;
			sourceTree = "<group>";
		};
		D68C1A5725494BB100BC460B /* Resources */ = {
			isa = PBXGroup;
			children = (
				D68C1A3D25493ABB00BC460B /* AppDelegate.swift */,
				D68C1A3F25493ABB00BC460B /* SceneDelegate.swift */,
			);
			path = Resources;
			sourceTree = "<group>";
		};
		D68C1A5825494C0A00BC460B /* Storyboards */ = {
			isa = PBXGroup;
			children = (
				D68C1A4325493ABB00BC460B /* Main.storyboard */,
				D68C1A4825493ABC00BC460B /* LaunchScreen.storyboard */,
			);
			path = Storyboards;
			sourceTree = "<group>";
		};
/* End PBXGroup section */

/* Begin PBXNativeTarget section */
		D68C1A3925493ABB00BC460B /* Messenger */ = {
			isa = PBXNativeTarget;
			buildConfigurationList = D68C1A4E25493ABC00BC460B /* Build configuration list for PBXNativeTarget "Messenger" */;
			buildPhases = (
				D68C1A3625493ABB00BC460B /* Sources */,
				D68C1A3725493ABB00BC460B /* Frameworks */,
				D68C1A3825493ABB00BC460B /* Resources */,
			);
			buildRules = (
			);
			dependencies = (
			);
			name = Messenger;
			productName = Messenger;
			productReference = D68C1A3A25493ABB00BC460B /* Messenger.app */;
			productType = "com.apple.product-type.application";
		};
/* End PBXNativeTarget section */

/* Begin PBXProject section */
		D68C1A3225493ABB00BC460B /* Project object */ = {
			isa = PBXProject;
			attributes = {
				LastSwiftUpdateCheck = 1210;
				LastUpgradeCheck = 1210;
				TargetAttributes = {
					D68C1A3925493ABB00BC460B = {
						CreatedOnToolsVersion = 12.1;
					};
				};
			};
			buildConfigurationList = D68C1A3525493ABB00BC460B /* Build configuration list for PBXProject "Messenger" */;
			compatibilityVersion = "Xcode 9.3";
			developmentRegion = en;
			hasScannedForEncodings = 0;
			knownRegions = (
				en,
				Base,
			);
			mainGroup = D68C1A3125493ABB00BC460B;
			productRefGroup = D68C1A3B25493ABB00BC460B /* Products */;
			projectDirPath = "";
			projectRoot = "";
			targets = (
				D68C1A3925493ABB00BC460B /* Messenger */,
			);
		};
/* End PBXProject section */

/* Begin PBXResourcesBuildPhase section */
		D68C1A3825493ABB00BC460B /* Resources */ = {
			isa = PBXResourcesBuildPhase;
			buildActionMask = 2147483647;
			files = (
				D68C1A4A25493ABC00BC460B /* LaunchScreen.storyboard in Resources */,
				D68C1A4725493ABC00BC460B /* Assets.xcassets in Resources */,
				D68C1A4525493ABB00BC460B /* Main.storyboard in Resources */,
			);
			runOnlyForDeploymentPostprocessing = 0;
		};
/* End PBXResourcesBuildPhase section */

/* Begin PBXSourcesBuildPhase section */
		D68C1A3625493ABB00BC460B /* Sources */ = {
			isa = PBXSourcesBuildPhase;
			buildActionMask = 2147483647;
			files = (
				D68C1A5C25494D3500BC460B /* LoginViewController.swift in Sources */,
				D68C1A6025494D5D00BC460B /* RegisterViewController.swift in Sources */,
				D68C1A6925494DEB00BC460B /* NewConversationViewController.swift in Sources */,
				D68C1A4225493ABB00BC460B /* ConversationsViewController.swift in Sources */,
				D68C1A6625494DAF00BC460B /* VideoPlayerViewController.swift in Sources */,
				D68C1A3E25493ABB00BC460B /* AppDelegate.swift in Sources */,
				D68C1A6C25494E1500BC460B /* ProfileViewController.swift in Sources */,
				D68C1A4025493ABB00BC460B /* SceneDelegate.swift in Sources */,
				D68C1A6325494D9300BC460B /* PhotoViewerViewController.swift in Sources */,
			);
			runOnlyForDeploymentPostprocessing = 0;
		};
/* End PBXSourcesBuildPhase section */

/* Begin PBXVariantGroup section */
		D68C1A4325493ABB00BC460B /* Main.storyboard */ = {
			isa = PBXVariantGroup;
			children = (
				D68C1A4425493ABB00BC460B /* Base */,
			);
			name = Main.storyboard;
			sourceTree = "<group>";
		};
		D68C1A4825493ABC00BC460B /* LaunchScreen.storyboard */ = {
			isa = PBXVariantGroup;
			children = (
				D68C1A4925493ABC00BC460B /* Base */,
			);
			name = LaunchScreen.storyboard;
			sourceTree = "<group>";
		};
/* End PBXVariantGroup section */

/* Begin XCBuildConfiguration section */
		D68C1A4C25493ABC00BC460B /* Debug */ = {
			isa = XCBuildConfiguration;
			buildSettings = {
				ALWAYS_SEARCH_USER_PATHS = NO;
				CLANG_ANALYZER_NONNULL = YES;
				CLANG_ANALYZER_NUMBER_OBJECT_CONVERSION = YES_AGGRESSIVE;
				CLANG_CXX_LANGUAGE_STANDARD = "gnu++14";
				CLANG_CXX_LIBRARY = "libc++";
				CLANG_ENABLE_MODULES = YES;
				CLANG_ENABLE_OBJC_ARC = YES;
				CLANG_ENABLE_OBJC_WEAK = YES;
				CLANG_WARN_BLOCK_CAPTURE_AUTORELEASING = YES;
				CLANG_WARN_BOOL_CONVERSION = YES;
				CLANG_WARN_COMMA = YES;
				CLANG_WARN_CONSTANT_CONVERSION = YES;
				CLANG_WARN_DEPRECATED_OBJC_IMPLEMENTATIONS = YES;
				CLANG_WARN_DIRECT_OBJC_ISA_USAGE = YES_ERROR;
				CLANG_WARN_DOCUMENTATION_COMMENTS = YES;
				CLANG_WARN_EMPTY_BODY = YES;
				CLANG_WARN_ENUM_CONVERSION = YES;
				CLANG_WARN_INFINITE_RECURSION = YES;
				CLANG_WARN_INT_CONVERSION = YES;
				CLANG_WARN_NON_LITERAL_NULL_CONVERSION = YES;
				CLANG_WARN_OBJC_IMPLICIT_RETAIN_SELF = YES;
				CLANG_WARN_OBJC_LITERAL_CONVERSION = YES;
				CLANG_WARN_OBJC_ROOT_CLASS = YES_ERROR;
				CLANG_WARN_QUOTED_INCLUDE_IN_FRAMEWORK_HEADER = YES;
				CLANG_WARN_RANGE_LOOP_ANALYSIS = YES;
				CLANG_WARN_STRICT_PROTOTYPES = YES;
				CLANG_WARN_SUSPICIOUS_MOVE = YES;
				CLANG_WARN_UNGUARDED_AVAILABILITY = YES_AGGRESSIVE;
				CLANG_WARN_UNREACHABLE_CODE = YES;
				CLANG_WARN__DUPLICATE_METHOD_MATCH = YES;
				COPY_PHASE_STRIP = NO;
				DEBUG_INFORMATION_FORMAT = dwarf;
				ENABLE_STRICT_OBJC_MSGSEND = YES;
				ENABLE_TESTABILITY = YES;
				GCC_C_LANGUAGE_STANDARD = gnu11;
				GCC_DYNAMIC_NO_PIC = NO;
				GCC_NO_COMMON_BLOCKS = YES;
				GCC_OPTIMIZATION_LEVEL = 0;
				GCC_PREPROCESSOR_DEFINITIONS = (
					"DEBUG=1",
					"$(inherited)",
				);
				GCC_WARN_64_TO_32_BIT_CONVERSION = YES;
				GCC_WARN_ABOUT_RETURN_TYPE = YES_ERROR;
				GCC_WARN_UNDECLARED_SELECTOR = YES;
				GCC_WARN_UNINITIALIZED_AUTOS = YES_AGGRESSIVE;
				GCC_WARN_UNUSED_FUNCTION = YES;
				GCC_WARN_UNUSED_VARIABLE = YES;
				IPHONEOS_DEPLOYMENT_TARGET = 14.1;
				MTL_ENABLE_DEBUG_INFO = INCLUDE_SOURCE;
				MTL_FAST_MATH = YES;
				ONLY_ACTIVE_ARCH = YES;
				SDKROOT = iphoneos;
				SWIFT_ACTIVE_COMPILATION_CONDITIONS = DEBUG;
				SWIFT_OPTIMIZATION_LEVEL = "-Onone";
			};
			name = Debug;
		};
		D68C1A4D25493ABC00BC460B /* Release */ = {
			isa = XCBuildConfiguration;
			buildSettings = {
				ALWAYS_SEARCH_USER_PATHS = NO;
				CLANG_ANALYZER_NONNULL = YES;
				CLANG_ANALYZER_NUMBER_OBJECT_CONVERSION = YES_AGGRESSIVE;
				CLANG_CXX_LANGUAGE_STANDARD = "gnu++14";
				CLANG_CXX_LIBRARY = "libc++";
				CLANG_ENABLE_MODULES = YES;
				CLANG_ENABLE_OBJC_ARC = YES;
				CLANG_ENABLE_OBJC_WEAK = YES;
				CLANG_WARN_BLOCK_CAPTURE_AUTORELEASING = YES;
				CLANG_WARN_BOOL_CONVERSION = YES;
				CLANG_WARN_COMMA = YES;
				CLANG_WARN_CONSTANT_CONVERSION = YES;
				CLANG_WARN_DEPRECATED_OBJC_IMPLEMENTATIONS = YES;
				CLANG_WARN_DIRECT_OBJC_ISA_USAGE = YES_ERROR;
				CLANG_WARN_DOCUMENTATION_COMMENTS = YES;
				CLANG_WARN_EMPTY_BODY = YES;
				CLANG_WARN_ENUM_CONVERSION = YES;
				CLANG_WARN_INFINITE_RECURSION = YES;
				CLANG_WARN_INT_CONVERSION = YES;
				CLANG_WARN_NON_LITERAL_NULL_CONVERSION = YES;
				CLANG_WARN_OBJC_IMPLICIT_RETAIN_SELF = YES;
				CLANG_WARN_OBJC_LITERAL_CONVERSION = YES;
				CLANG_WARN_OBJC_ROOT_CLASS = YES_ERROR;
				CLANG_WARN_QUOTED_INCLUDE_IN_FRAMEWORK_HEADER = YES;
				CLANG_WARN_RANGE_LOOP_ANALYSIS = YES;
				CLANG_WARN_STRICT_PROTOTYPES = YES;
				CLANG_WARN_SUSPICIOUS_MOVE = YES;
				CLANG_WARN_UNGUARDED_AVAILABILITY = YES_AGGRESSIVE;
				CLANG_WARN_UNREACHABLE_CODE = YES;
				CLANG_WARN__DUPLICATE_METHOD_MATCH = YES;
				COPY_PHASE_STRIP = NO;
				DEBUG_INFORMATION_FORMAT = "dwarf-with-dsym";
				ENABLE_NS_ASSERTIONS = NO;
				ENABLE_STRICT_OBJC_MSGSEND = YES;
				GCC_C_LANGUAGE_STANDARD = gnu11;
				GCC_NO_COMMON_BLOCKS = YES;
				GCC_WARN_64_TO_32_BIT_CONVERSION = YES;
				GCC_WARN_ABOUT_RETURN_TYPE = YES_ERROR;
				GCC_WARN_UNDECLARED_SELECTOR = YES;
				GCC_WARN_UNINITIALIZED_AUTOS = YES_AGGRESSIVE;
				GCC_WARN_UNUSED_FUNCTION = YES;
				GCC_WARN_UNUSED_VARIABLE = YES;
				IPHONEOS_DEPLOYMENT_TARGET = 14.1;
				MTL_ENABLE_DEBUG_INFO = NO;
				MTL_FAST_MATH = YES;
				SDKROOT = iphoneos;
				SWIFT_COMPILATION_MODE = wholemodule;
				SWIFT_OPTIMIZATION_LEVEL = "-O";
				VALIDATE_PRODUCT = YES;
			};
			name = Release;
		};
		D68C1A4F25493ABC00BC460B /* Debug */ = {
			isa = XCBuildConfiguration;
			buildSettings = {
				ASSETCATALOG_COMPILER_APPICON_NAME = AppIcon;
				ASSETCATALOG_COMPILER_GLOBAL_ACCENT_COLOR_NAME = AccentColor;
				CODE_SIGN_STYLE = Automatic;
				DEVELOPMENT_TEAM = ND38VD9UA2;
				INFOPLIST_FILE = Messenger/Info.plist;
				LD_RUNPATH_SEARCH_PATHS = (
					"$(inherited)",
					"@executable_path/Frameworks",
				);
				PRODUCT_BUNDLE_IDENTIFIER = com.ngodangtan.Messenger;
				PRODUCT_NAME = "$(TARGET_NAME)";
				SWIFT_VERSION = 5.0;
				TARGETED_DEVICE_FAMILY = "1,2";
			};
			name = Debug;
		};
		D68C1A5025493ABC00BC460B /* Release */ = {
			isa = XCBuildConfiguration;
			buildSettings = {
				ASSETCATALOG_COMPILER_APPICON_NAME = AppIcon;
				ASSETCATALOG_COMPILER_GLOBAL_ACCENT_COLOR_NAME = AccentColor;
				CODE_SIGN_STYLE = Automatic;
				DEVELOPMENT_TEAM = ND38VD9UA2;
				INFOPLIST_FILE = Messenger/Info.plist;
				LD_RUNPATH_SEARCH_PATHS = (
					"$(inherited)",
					"@executable_path/Frameworks",
				);
				PRODUCT_BUNDLE_IDENTIFIER = com.ngodangtan.Messenger;
				PRODUCT_NAME = "$(TARGET_NAME)";
				SWIFT_VERSION = 5.0;
				TARGETED_DEVICE_FAMILY = "1,2";
			};
			name = Release;
		};
/* End XCBuildConfiguration section */

/* Begin XCConfigurationList section */
		D68C1A3525493ABB00BC460B /* Build configuration list for PBXProject "Messenger" */ = {
			isa = XCConfigurationList;
			buildConfigurations = (
				D68C1A4C25493ABC00BC460B /* Debug */,
				D68C1A4D25493ABC00BC460B /* Release */,
			);
			defaultConfigurationIsVisible = 0;
			defaultConfigurationName = Release;
		};
		D68C1A4E25493ABC00BC460B /* Build configuration list for PBXNativeTarget "Messenger" */ = {
			isa = XCConfigurationList;
			buildConfigurations = (
				D68C1A4F25493ABC00BC460B /* Debug */,
				D68C1A5025493ABC00BC460B /* Release */,
			);
			defaultConfigurationIsVisible = 0;
			defaultConfigurationName = Release;
		};
/* End XCConfigurationList section */
	};
	rootObject = D68C1A3225493ABB00BC460B /* Project object */;
}
